
Microsoft Visual Studio Solution File, Format Version 12.00
# Visual Studio Version 17
VisualStudioVersion = 17.9.34622.214
MinimumVisualStudioVersion = 10.0.40219.1
Project("{FAE04EC0-301F-11D3-BF4B-00C04F79EFBC}") = "BulkyWeb", "BulkyWeb\BulkyWeb.csproj", "{33C0CFFE-55DE-4A53-A085-65C8EE47E550}"
EndProject
Global
	GlobalSection(SolutionConfigurationPlatforms) = preSolution
		Debug|Any CPU = Debug|Any CPU
		Release|Any CPU = Release|Any CPU
	EndGlobalSection
	GlobalSection(ProjectConfigurationPlatforms) = postSolution
		{33C0CFFE-55DE-4A53-A085-65C8EE47E550}.Debug|Any CPU.ActiveCfg = Debug|Any CPU
		{33C0CFFE-55DE-4A53-A085-65C8EE47E550}.Debug|Any CPU.Build.0 = Debug|Any CPU
		{33C0CFFE-55DE-4A53-A085-65C8EE47E550}.Release|Any CPU.ActiveCfg = Release|Any CPU
		{33C0CFFE-55DE-4A53-A085-65C8EE47E550}.Release|Any CPU.Build.0 = Release|Any CPU
	EndGlobalSection
	GlobalSection(SolutionProperties) = preSolution
		HideSolutionNode = FALSE
	EndGlobalSection
	GlobalSection(ExtensibilityGlobals) = postSolution
		SolutionGuid = {C2A621F5-8AEA-4B88-89AA-011D54A97A89}
	EndGlobalSection
EndGlobal
